// !$*UTF8*$!
{
	archiveVersion = 1;
	classes = {
	};
	objectVersion = 77;
	objects = {

/* Begin PBXBuildFile section */
		2E53C5332FB39EE8008409D5 /* KeyboardShortcuts in Frameworks */ = {isa = PBXBuildFile; productRef = 2E53C5322FB39EE8008409D5 /* KeyboardShortcuts */; };
/* End PBXBuildFile section */

/* Begin PBXContainerItemProxy section */
		2E53C50E2FB3989E008409D5 /* PBXContainerItemProxy */ = {
			isa = PBXContainerItemProxy;
			containerPortal = 2E53C4F62FB3989E008409D5 /* Project object */;
			proxyType = 1;
			remoteGlobalIDString = 2E53C4FD2FB3989E008409D5;
			remoteInfo = "Simple Reminder Adder";
		};
		2E53C5182FB3989E008409D5 /* PBXContainerItemProxy */ = {
			isa = PBXContainerItemProxy;
			containerPortal = 2E53C4F62FB3989E008409D5 /* Project object */;
			proxyType = 1;
			remoteGlobalIDString = 2E53C4FD2FB3989E008409D5;
			remoteInfo = "Simple Reminder Adder";
		};
/* End PBXContainerItemProxy section */

/* Begin PBXFileReference section */
		2E53C4FE2FB3989E008409D5 /* Simple Reminder Adder.app */ = {isa = PBXFileReference; explicitFileType = wrapper.application; includeInIndex = 0; path = "Simple Reminder Adder.app"; sourceTree = BUILT_PRODUCTS_DIR; };
		2E53C50D2FB3989E008409D5 /* Simple Reminder AdderTests.xctest */ = {isa = PBXFileReference; explicitFileType = wrapper.cfbundle; includeInIndex = 0; path = "Simple Reminder AdderTests.xctest"; sourceTree = BUILT_PRODUCTS_DIR; };
		2E53C5172FB3989E008409D5 /* Simple Reminder AdderUITests.xctest */ = {isa = PBXFileReference; explicitFileType = wrapper.cfbundle; includeInIndex = 0; path = "Simple Reminder AdderUITests.xctest"; sourceTree = BUILT_PRODUCTS_DIR; };
/* End PBXFileReference section */

/* Begin PBXFileSystemSynchronizedRootGroup section */
		2E53C5002FB3989E008409D5 /* Simple Reminder Adder */ = {
			isa = PBXFileSystemSynchronizedRootGroup;
			path = "Simple Reminder Adder";
			sourceTree = "<group>";
		};
		2E53C5102FB3989E008409D5 /* Simple Reminder AdderTests */ = {
			isa = PBXFileSystemSynchronizedRootGroup;
			path = "Simple Reminder AdderTests";
			sourceTree = "<group>";
		};
		2E53C51A2FB3989E008409D5 /* Simple Reminder AdderUITests */ = {
			isa = PBXFileSystemSynchronizedRootGroup;
			path = "Simple Reminder AdderUITests";
			sourceTree = "<group>";
		};
/* End PBXFileSystemSynchronizedRootGroup section */

/* Begin PBXFrameworksBuildPhase section */
		2E53C4FB2FB3989E008409D5 /* Frameworks */ = {
			isa = PBXFrameworksBuildPhase;
			buildActionMask = 2147483647;
			files = (
				2E53C5332FB39EE8008409D5 /* KeyboardShortcuts in Frameworks */,
			);
			runOnlyForDeploymentPostprocessing = 0;
		};
		2E53C50A2FB3989E008409D5 /* Frameworks */ = {
			isa = PBXFrameworksBuildPhase;
			buildActionMask = 2147483647;
			files = (
			);
			runOnlyForDeploymentPostprocessing = 0;
		};
		2E53C5142FB3989E008409D5 /* Frameworks */ = {
			isa = PBXFrameworksBuildPhase;
			buildActionMask = 2147483647;
			files = (
			);
			runOnlyForDeploymentPostprocessing = 0;
		};
/* End PBXFrameworksBuildPhase section */

/* Begin PBXGroup section */
		2E53C4F52FB3989E008409D5 = {
			isa = PBXGroup;
			children = (
				2E53C5002FB3989E008409D5 /* Simple Reminder Adder */,
				2E53C5102FB3989E008409D5 /* Simple Reminder AdderTests */,
				2E53C51A2FB3989E008409D5 /* Simple Reminder AdderUITests */,
				2E53C5312FB39EE8008409D5 /* Frameworks */,
				2E53C4FF2FB3989E008409D5 /* Products */,
			);
			sourceTree = "<group>";
		};
		2E53C4FF2FB3989E008409D5 /* Products */ = {
			isa = PBXGroup;
			children = (
				2E53C4FE2FB3989E008409D5 /* Simple Reminder Adder.app */,
				2E53C50D2FB3989E008409D5 /* Simple Reminder AdderTests.xctest */,
				2E53C5172FB3989E008409D5 /* Simple Reminder AdderUITests.xctest */,
			);
			name = Products;
			sourceTree = "<group>";
		};
		2E53C5312FB39EE8008409D5 /* Frameworks */ = {
			isa = PBXGroup;
			children = (
			);
			name = Frameworks;
			sourceTree = "<group>";
		};
/* End PBXGroup section */

/* Begin PBXNativeTarget section */
		2E53C4FD2FB3989E008409D5 /* Simple Reminder Adder */ = {
			isa = PBXNativeTarget;
			buildConfigurationList = 2E53C5212FB3989E008409D5 /* Build configuration list for PBXNativeTarget "Simple Reminder Adder" */;
			buildPhases = (
				2E53C4FA2FB3989E008409D5 /* Sources */,
				2E53C4FB2FB3989E008409D5 /* Frameworks */,
				2E53C4FC2FB3989E008409D5 /* Resources */,
			);
			buildRules = (
			);
			dependencies = (
			);
			fileSystemSynchronizedGroups = (
				2E53C5002FB3989E008409D5 /* Simple Reminder Adder */,
			);
			name = "Simple Reminder Adder";
			packageProductDependencies = (
				2E53C5322FB39EE8008409D5 /* KeyboardShortcuts */,
			);
			productName = "Simple Reminder Adder";
			productReference = 2E53C4FE2FB3989E008409D5 /* Simple Reminder Adder.app */;
			productType = "com.apple.product-type.application";
		};
		2E53C50C2FB3989E008409D5 /* Simple Reminder AdderTests */ = {
			isa = PBXNativeTarget;
			buildConfigurationList = 2E53C5242FB3989E008409D5 /* Build configuration list for PBXNativeTarget "Simple Reminder AdderTests" */;
			buildPhases = (
				2E53C5092FB3989E008409D5 /* Sources */,
				2E53C50A2FB3989E008409D5 /* Frameworks */,
				2E53C50B2FB3989E008409D5 /* Resources */,
			);
			buildRules = (
			);
			dependencies = (
				2E53C50F2FB3989E008409D5 /* PBXTargetDependency */,
			);
			fileSystemSynchronizedGroups = (
				2E53C5102FB3989E008409D5 /* Simple Reminder AdderTests */,
			);
			name = "Simple Reminder AdderTests";
			packageProductDependencies = (
			);
			productName = "Simple Reminder AdderTests";
			productReference = 2E53C50D2FB3989E008409D5 /* Simple Reminder AdderTests.xctest */;
			productType = "com.apple.product-type.bundle.unit-test";
		};
		2E53C5162FB3989E008409D5 /* Simple Reminder AdderUITests */ = {
			isa = PBXNativeTarget;
			buildConfigurationList = 2E53C5272FB3989E008409D5 /* Build configuration list for PBXNativeTarget "Simple Reminder AdderUITests" */;
			buildPhases = (
				2E53C5132FB3989E008409D5 /* Sources */,
				2E53C5142FB3989E008409D5 /* Frameworks */,
				2E53C5152FB3989E008409D5 /* Resources */,
			);
			buildRules = (
			);
			dependencies = (
				2E53C5192FB3989E008409D5 /* PBXTargetDependency */,
			);
			fileSystemSynchronizedGroups = (
				2E53C51A2FB3989E008409D5 /* Simple Reminder AdderUITests */,
			);
			name = "Simple Reminder AdderUITests";
			packageProductDependencies = (
			);
			productName = "Simple Reminder AdderUITests";
			productReference = 2E53C5172FB3989E008409D5 /* Simple Reminder AdderUITests.xctest */;
			productType = "com.apple.product-type.bundle.ui-testing";
		};
/* End PBXNativeTarget section */

/* Begin PBXProject section */
		2E53C4F62FB3989E008409D5 /* Project object */ = {
			isa = PBXProject;
			attributes = {
				BuildIndependentTargetsInParallel = 1;
				LastSwiftUpdateCheck = 2650;
				LastUpgradeCheck = 2650;
				TargetAttributes = {
					2E53C4FD2FB3989E008409D5 = {
						CreatedOnToolsVersion = 26.5;
					};
					2E53C50C2FB3989E008409D5 = {
						CreatedOnToolsVersion = 26.5;
						TestTargetID = 2E53C4FD2FB3989E008409D5;
					};
					2E53C5162FB3989E008409D5 = {
						CreatedOnToolsVersion = 26.5;
						TestTargetID = 2E53C4FD2FB3989E008409D5;
					};
				};
			};
			buildConfigurationList = 2E53C4F92FB3989E008409D5 /* Build configuration list for PBXProject "Simple Reminder Adder" */;
			developmentRegion = en;
			hasScannedForEncodings = 0;
			knownRegions = (
				en,
				Base,
			);
			mainGroup = 2E53C4F52FB3989E008409D5;
			minimizedProjectReferenceProxies = 1;
			packageReferences = (
				2E53C5302FB39E44008409D5 /* XCRemoteSwiftPackageReference "KeyboardShortcuts" */,
			);
			preferredProjectObjectVersion = 77;
			productRefGroup = 2E53C4FF2FB3989E008409D5 /* Products */;
			projectDirPath = "";
			projectRoot = "";
			targets = (
				2E53C4FD2FB3989E008409D5 /* Simple Reminder Adder */,
				2E53C50C2FB3989E008409D5 /* Simple Reminder AdderTests */,
				2E53C5162FB3989E008409D5 /* Simple Reminder AdderUITests */,
			);
		};
/* End PBXProject section */

/* Begin PBXResourcesBuildPhase section */
		2E53C4FC2FB3989E008409D5 /* Resources */ = {
			isa = PBXResourcesBuildPhase;
			buildActionMask = 2147483647;
			files = (
			);
			runOnlyForDeploymentPostprocessing = 0;
		};
		2E53C50B2FB3989E008409D5 /* Resources */ = {
			isa = PBXResourcesBuildPhase;
			buildActionMask = 2147483647;
			files = (
			);
			runOnlyForDeploymentPostprocessing = 0;
		};
		2E53C5152FB3989E008409D5 /* Resources */ = {
			isa = PBXResourcesBuildPhase;
			buildActionMask = 2147483647;
			files = (
			);
			runOnlyForDeploymentPostprocessing = 0;
		};
/* End PBXResourcesBuildPhase section */

/* Begin PBXSourcesBuildPhase section */
		2E53C4FA2FB3989E008409D5 /* Sources */ = {
			isa = PBXSourcesBuildPhase;
			buildActionMask = 2147483647;
			files = (
			);
			runOnlyForDeploymentPostprocessing = 0;
		};
		2E53C5092FB3989E008409D5 /* Sources */ = {
			isa = PBXSourcesBuildPhase;
			buildActionMask = 2147483647;
			files = (
			);
			runOnlyForDeploymentPostprocessing = 0;
		};
		2E53C5132FB3989E008409D5 /* Sources */ = {
			isa = PBXSourcesBuildPhase;
			buildActionMask = 2147483647;
			files = (
			);
			runOnlyForDeploymentPostprocessing = 0;
		};
/* End PBXSourcesBuildPhase section */

/* Begin PBXTargetDependency section */
		2E53C50F2FB3989E008409D5 /* PBXTargetDependency */ = {
			isa = PBXTargetDependency;
			target = 2E53C4FD2FB3989E008409D5 /* Simple Reminder Adder */;
			targetProxy = 2E53C50E2FB3989E008409D5 /* PBXContainerItemProxy */;
		};
		2E53C5192FB3989E008409D5 /* PBXTargetDependency */ = {
			isa = PBXTargetDependency;
			target = 2E53C4FD2FB3989E008409D5 /* Simple Reminder Adder */;
			targetProxy = 2E53C5182FB3989E008409D5 /* PBXContainerItemProxy */;
		};
/* End PBXTargetDependency section */

/* Begin XCBuildConfiguration section */
		2E53C51F2FB3989E008409D5 /* Debug */ = {
			isa = XCBuildConfiguration;
			buildSettings = {
				ALWAYS_SEARCH_USER_PATHS = NO;
				ASSETCATALOG_COMPILER_GENERATE_SWIFT_ASSET_SYMBOL_EXTENSIONS = YES;
				CLANG_ANALYZER_NONNULL = YES;
				CLANG_ANALYZER_NUMBER_OBJECT_CONVERSION = YES_AGGRESSIVE;
				CLANG_CXX_LANGUAGE_STANDARD = "gnu++20";
				CLANG_ENABLE_MODULES = YES;
				CLANG_ENABLE_OBJC_ARC = YES;
				CLANG_ENABLE_OBJC_WEAK = YES;
				CLANG_WARN_BLOCK_CAPTURE_AUTORELEASING = YES;
				CLANG_WARN_BOOL_CONVERSION = YES;
				CLANG_WARN_COMMA = YES;
				CLANG_WARN_CONSTANT_CONVERSION = YES;
				CLANG_WARN_DEPRECATED_OBJC_IMPLEMENTATIONS = YES;
				CLANG_WARN_DIRECT_OBJC_ISA_USAGE = YES_ERROR;
				CLANG_WARN_DOCUMENTATION_COMMENTS = YES;
				CLANG_WARN_EMPTY_BODY = YES;
				CLANG_WARN_ENUM_CONVERSION = YES;
				CLANG_WARN_INFINITE_RECURSION = YES;
				CLANG_WARN_INT_CONVERSION = YES;
				CLANG_WARN_NON_LITERAL_NULL_CONVERSION = YES;
				CLANG_WARN_OBJC_IMPLICIT_RETAIN_SELF = YES;
				CLANG_WARN_OBJC_LITERAL_CONVERSION = YES;
				CLANG_WARN_OBJC_ROOT_CLASS = YES_ERROR;
				CLANG_WARN_QUOTED_INCLUDE_IN_FRAMEWORK_HEADER = YES;
				CLANG_WARN_RANGE_LOOP_ANALYSIS = YES;
				CLANG_WARN_STRICT_PROTOTYPES = YES;
				CLANG_WARN_SUSPICIOUS_MOVE = YES;
				CLANG_WARN_UNGUARDED_AVAILABILITY = YES_AGGRESSIVE;
				CLANG_WARN_UNREACHABLE_CODE = YES;
				CLANG_WARN__DUPLICATE_METHOD_MATCH = YES;
				COPY_PHASE_STRIP = NO;
				DEBUG_INFORMATION_FORMAT = dwarf;
				DEVELOPMENT_TEAM = 9F23U63YQ2;
				ENABLE_STRICT_OBJC_MSGSEND = YES;
				ENABLE_TESTABILITY = YES;
				ENABLE_USER_SCRIPT_SANDBOXING = YES;
				GCC_C_LANGUAGE_STANDARD = gnu17;
				GCC_DYNAMIC_NO_PIC = NO;
				GCC_NO_COMMON_BLOCKS = YES;
				GCC_OPTIMIZATION_LEVEL = 0;
				GCC_PREPROCESSOR_DEFINITIONS = (
					"DEBUG=1",
					"$(inherited)",
				);
				GCC_WARN_64_TO_32_BIT_CONVERSION = YES;
				GCC_WARN_ABOUT_RETURN_TYPE = YES_ERROR;
				GCC_WARN_UNDECLARED_SELECTOR = YES;
				GCC_WARN_UNINITIALIZED_AUTOS = YES_AGGRESSIVE;
				GCC_WARN_UNUSED_FUNCTION = YES;
				GCC_WARN_UNUSED_VARIABLE = YES;
				LOCALIZATION_PREFERS_STRING_CATALOGS = YES;
				MACOSX_DEPLOYMENT_TARGET = 26.4;
				MTL_ENABLE_DEBUG_INFO = INCLUDE_SOURCE;
				MTL_FAST_MATH = YES;
				ONLY_ACTIVE_ARCH = YES;
				SDKROOT = macosx;
				SWIFT_ACTIVE_COMPILATION_CONDITIONS = "DEBUG $(inherited)";
				SWIFT_OPTIMIZATION_LEVEL = "-Onone";
			};
			name = Debug;
		};
		2E53C5202FB3989E008409D5 /* Release */ = {
			isa = XCBuildConfiguration;
			buildSettings = {
				ALWAYS_SEARCH_USER_PATHS = NO;
				ASSETCATALOG_COMPILER_GENERATE_SWIFT_ASSET_SYMBOL_EXTENSIONS = YES;
				CLANG_ANALYZER_NONNULL = YES;
				CLANG_ANALYZER_NUMBER_OBJECT_CONVERSION = YES_AGGRESSIVE;
				CLANG_CXX_LANGUAGE_STANDARD = "gnu++20";
				CLANG_ENABLE_MODULES = YES;
				CLANG_ENABLE_OBJC_ARC = YES;
				CLANG_ENABLE_OBJC_WEAK = YES;
				CLANG_WARN_BLOCK_CAPTURE_AUTORELEASING = YES;
				CLANG_WARN_BOOL_CONVERSION = YES;
				CLANG_WARN_COMMA = YES;
				CLANG_WARN_CONSTANT_CONVERSION = YES;
				CLANG_WARN_DEPRECATED_OBJC_IMPLEMENTATIONS = YES;
				CLANG_WARN_DIRECT_OBJC_ISA_USAGE = YES_ERROR;
				CLANG_WARN_DOCUMENTATION_COMMENTS = YES;
				CLANG_WARN_EMPTY_BODY = YES;
				CLANG_WARN_ENUM_CONVERSION = YES;
				CLANG_WARN_INFINITE_RECURSION = YES;
				CLANG_WARN_INT_CONVERSION = YES;
				CLANG_WARN_NON_LITERAL_NULL_CONVERSION = YES;
				CLANG_WARN_OBJC_IMPLICIT_RETAIN_SELF = YES;
				CLANG_WARN_OBJC_LITERAL_CONVERSION = YES;
				CLANG_WARN_OBJC_ROOT_CLASS = YES_ERROR;
				CLANG_WARN_QUOTED_INCLUDE_IN_FRAMEWORK_HEADER = YES;
				CLANG_WARN_RANGE_LOOP_ANALYSIS = YES;
				CLANG_WARN_STRICT_PROTOTYPES = YES;
				CLANG_WARN_SUSPICIOUS_MOVE = YES;
				CLANG_WARN_UNGUARDED_AVAILABILITY = YES_AGGRESSIVE;
				CLANG_WARN_UNREACHABLE_CODE = YES;
				CLANG_WARN__DUPLICATE_METHOD_MATCH = YES;
				COPY_PHASE_STRIP = NO;
				DEBUG_INFORMATION_FORMAT = "dwarf-with-dsym";
				DEVELOPMENT_TEAM = 9F23U63YQ2;
				ENABLE_NS_ASSERTIONS = NO;
				ENABLE_STRICT_OBJC_MSGSEND = YES;
				ENABLE_USER_SCRIPT_SANDBOXING = YES;
				GCC_C_LANGUAGE_STANDARD = gnu17;
				GCC_NO_COMMON_BLOCKS = YES;
				GCC_WARN_64_TO_32_BIT_CONVERSION = YES;
				GCC_WARN_ABOUT_RETURN_TYPE = YES_ERROR;
				GCC_WARN_UNDECLARED_SELECTOR = YES;
				GCC_WARN_UNINITIALIZED_AUTOS = YES_AGGRESSIVE;
				GCC_WARN_UNUSED_FUNCTION = YES;
				GCC_WARN_UNUSED_VARIABLE = YES;
				LOCALIZATION_PREFERS_STRING_CATALOGS = YES;
				MACOSX_DEPLOYMENT_TARGET = 26.4;
				MTL_ENABLE_DEBUG_INFO = NO;
				MTL_FAST_MATH = YES;
				SDKROOT = macosx;
				SWIFT_COMPILATION_MODE = wholemodule;
			};
			name = Release;
		};
		2E53C5222FB3989E008409D5 /* Debug */ = {
			isa = XCBuildConfiguration;
			buildSettings = {
				ASSETCATALOG_COMPILER_APPICON_NAME = AppIcon;
				ASSETCATALOG_COMPILER_GLOBAL_ACCENT_COLOR_NAME = AccentColor;
				AUTOMATION_APPLE_EVENTS = NO;
				CODE_SIGN_STYLE = Automatic;
				COMBINE_HIDPI_IMAGES = YES;
				CURRENT_PROJECT_VERSION = 1;
				DEVELOPMENT_TEAM = 9F23U63YQ2;
				ENABLE_APP_SANDBOX = YES;
				ENABLE_HARDENED_RUNTIME = YES;
				ENABLE_INCOMING_NETWORK_CONNECTIONS = NO;
				ENABLE_OUTGOING_NETWORK_CONNECTIONS = NO;
				ENABLE_PREVIEWS = YES;
				ENABLE_RESOURCE_ACCESS_AUDIO_INPUT = NO;
				ENABLE_RESOURCE_ACCESS_BLUETOOTH = NO;
				ENABLE_RESOURCE_ACCESS_CALENDARS = YES;
				ENABLE_RESOURCE_ACCESS_CAMERA = NO;
				ENABLE_RESOURCE_ACCESS_CONTACTS = NO;
				ENABLE_RESOURCE_ACCESS_LOCATION = YES;
				ENABLE_RESOURCE_ACCESS_PHOTO_LIBRARY = NO;
				ENABLE_RESOURCE_ACCESS_PRINTING = NO;
				ENABLE_RESOURCE_ACCESS_USB = NO;
				ENABLE_USER_SELECTED_FILES = readonly;
				GENERATE_INFOPLIST_FILE = YES;
				INFOPLIST_KEY_NSHumanReadableCopyright = "";
				INFOPLIST_KEY_NSRemindersFullAccessUsageDescription = "Required to add tasks via the quick-add bar.";
				LD_RUNPATH_SEARCH_PATHS = (
					"$(inherited)",
					"@executable_path/../Frameworks",
				);
				MARKETING_VERSION = 1.0;
				PRODUCT_BUNDLE_IDENTIFIER = "com.wilsonlee.Simple-Reminder-Adder";
				PRODUCT_NAME = "$(TARGET_NAME)";
				REGISTER_APP_GROUPS = YES;
				RUNTIME_EXCEPTION_ALLOW_DYLD_ENVIRONMENT_VARIABLES = NO;
				RUNTIME_EXCEPTION_ALLOW_JIT = NO;
				RUNTIME_EXCEPTION_ALLOW_UNSIGNED_EXECUTABLE_MEMORY = NO;
				RUNTIME_EXCEPTION_DEBUGGING_TOOL = NO;
				RUNTIME_EXCEPTION_DISABLE_EXECUTABLE_PAGE_PROTECTION = NO;
				RUNTIME_EXCEPTION_DISABLE_LIBRARY_VALIDATION = NO;
				STRING_CATALOG_GENERATE_SYMBOLS = YES;
				SWIFT_APPROACHABLE_CONCURRENCY = YES;
				SWIFT_DEFAULT_ACTOR_ISOLATION = MainActor;
				SWIFT_EMIT_LOC_STRINGS = YES;
				SWIFT_UPCOMING_FEATURE_MEMBER_IMPORT_VISIBILITY = YES;
				SWIFT_VERSION = 5.0;
			};
			name = Debug;
		};
		2E53C5232FB3989E008409D5 /* Release */ = {
			isa = XCBuildConfiguration;
			buildSettings = {
				ASSETCATALOG_COMPILER_APPICON_NAME = AppIcon;
				ASSETCATALOG_COMPILER_GLOBAL_ACCENT_COLOR_NAME = AccentColor;
				AUTOMATION_APPLE_EVENTS = NO;
				CODE_SIGN_STYLE = Automatic;
				COMBINE_HIDPI_IMAGES = YES;
				CURRENT_PROJECT_VERSION = 1;
				DEVELOPMENT_TEAM = 9F23U63YQ2;
				ENABLE_APP_SANDBOX = YES;
				ENABLE_HARDENED_RUNTIME = YES;
				ENABLE_INCOMING_NETWORK_CONNECTIONS = NO;
				ENABLE_OUTGOING_NETWORK_CONNECTIONS = NO;
				ENABLE_PREVIEWS = YES;
				ENABLE_RESOURCE_ACCESS_AUDIO_INPUT = NO;
				ENABLE_RESOURCE_ACCESS_BLUETOOTH = NO;
				ENABLE_RESOURCE_ACCESS_CALENDARS = YES;
				ENABLE_RESOURCE_ACCESS_CAMERA = NO;
				ENABLE_RESOURCE_ACCESS_CONTACTS = NO;
				ENABLE_RESOURCE_ACCESS_LOCATION = YES;
				ENABLE_RESOURCE_ACCESS_PHOTO_LIBRARY = NO;
				ENABLE_RESOURCE_ACCESS_PRINTING = NO;
				ENABLE_RESOURCE_ACCESS_USB = NO;
				ENABLE_USER_SELECTED_FILES = readonly;
				GENERATE_INFOPLIST_FILE = YES;
				INFOPLIST_KEY_NSHumanReadableCopyright = "";
				INFOPLIST_KEY_NSRemindersFullAccessUsageDescription = "Required to add tasks via the quick-add bar.";
				LD_RUNPATH_SEARCH_PATHS = (
					"$(inherited)",
					"@executable_path/../Frameworks",
				);
				MARKETING_VERSION = 1.0;
				PRODUCT_BUNDLE_IDENTIFIER = "com.wilsonlee.Simple-Reminder-Adder";
				PRODUCT_NAME = "$(TARGET_NAME)";
				REGISTER_APP_GROUPS = YES;
				RUNTIME_EXCEPTION_ALLOW_DYLD_ENVIRONMENT_VARIABLES = NO;
				RUNTIME_EXCEPTION_ALLOW_JIT = NO;
				RUNTIME_EXCEPTION_ALLOW_UNSIGNED_EXECUTABLE_MEMORY = NO;
				RUNTIME_EXCEPTION_DEBUGGING_TOOL = NO;
				RUNTIME_EXCEPTION_DISABLE_EXECUTABLE_PAGE_PROTECTION = NO;
				RUNTIME_EXCEPTION_DISABLE_LIBRARY_VALIDATION = NO;
				STRING_CATALOG_GENERATE_SYMBOLS = YES;
				SWIFT_APPROACHABLE_CONCURRENCY = YES;
				SWIFT_DEFAULT_ACTOR_ISOLATION = MainActor;
				SWIFT_EMIT_LOC_STRINGS = YES;
				SWIFT_UPCOMING_FEATURE_MEMBER_IMPORT_VISIBILITY = YES;
				SWIFT_VERSION = 5.0;
			};
			name = Release;
		};
		2E53C5252FB3989E008409D5 /* Debug */ = {
			isa = XCBuildConfiguration;
			buildSettings = {
				BUNDLE_LOADER = "$(TEST_HOST)";
				CODE_SIGN_STYLE = Automatic;
				CURRENT_PROJECT_VERSION = 1;
				DEVELOPMENT_TEAM = 9F23U63YQ2;
				GENERATE_INFOPLIST_FILE = YES;
				MACOSX_DEPLOYMENT_TARGET = 26.4;
				MARKETING_VERSION = 1.0;
				PRODUCT_BUNDLE_IDENTIFIER = "com.wilsonlee.Simple-Reminder-AdderTests";
				PRODUCT_NAME = "$(TARGET_NAME)";
				STRING_CATALOG_GENERATE_SYMBOLS = NO;
				SWIFT_APPROACHABLE_CONCURRENCY = YES;
				SWIFT_EMIT_LOC_STRINGS = NO;
				SWIFT_UPCOMING_FEATURE_MEMBER_IMPORT_VISIBILITY = YES;
				SWIFT_VERSION = 5.0;
				TEST_HOST = "$(BUILT_PRODUCTS_DIR)/Simple Reminder Adder.app/$(BUNDLE_EXECUTABLE_FOLDER_PATH)/Simple Reminder Adder";
			};
			name = Debug;
		};
		2E53C5262FB3989E008409D5 /* Release */ = {
			isa = XCBuildConfiguration;
			buildSettings = {
				BUNDLE_LOADER = "$(TEST_HOST)";
				CODE_SIGN_STYLE = Automatic;
				CURRENT_PROJECT_VERSION = 1;
				DEVELOPMENT_TEAM = 9F23U63YQ2;
				GENERATE_INFOPLIST_FILE = YES;
				MACOSX_DEPLOYMENT_TARGET = 26.4;
				MARKETING_VERSION = 1.0;
				PRODUCT_BUNDLE_IDENTIFIER = "com.wilsonlee.Simple-Reminder-AdderTests";
				PRODUCT_NAME = "$(TARGET_NAME)";
				STRING_CATALOG_GENERATE_SYMBOLS = NO;
				SWIFT_APPROACHABLE_CONCURRENCY = YES;
				SWIFT_EMIT_LOC_STRINGS = NO;
				SWIFT_UPCOMING_FEATURE_MEMBER_IMPORT_VISIBILITY = YES;
				SWIFT_VERSION = 5.0;
				TEST_HOST = "$(BUILT_PRODUCTS_DIR)/Simple Reminder Adder.app/$(BUNDLE_EXECUTABLE_FOLDER_PATH)/Simple Reminder Adder";
			};
			name = Release;
		};
		2E53C5282FB3989E008409D5 /* Debug */ = {
			isa = XCBuildConfiguration;
			buildSettings = {
				CODE_SIGN_STYLE = Automatic;
				CURRENT_PROJECT_VERSION = 1;
				DEVELOPMENT_TEAM = 9F23U63YQ2;
				GENERATE_INFOPLIST_FILE = YES;
				MARKETING_VERSION = 1.0;
				PRODUCT_BUNDLE_IDENTIFIER = "com.wilsonlee.Simple-Reminder-AdderUITests";
				PRODUCT_NAME = "$(TARGET_NAME)";
				STRING_CATALOG_GENERATE_SYMBOLS = NO;
				SWIFT_APPROACHABLE_CONCURRENCY = YES;
				SWIFT_EMIT_LOC_STRINGS = NO;
				SWIFT_UPCOMING_FEATURE_MEMBER_IMPORT_VISIBILITY = YES;
				SWIFT_VERSION = 5.0;
				TEST_TARGET_NAME = "Simple Reminder Adder";
			};
			name = Debug;
		};
		2E53C5292FB3989E008409D5 /* Release */ = {
			isa = XCBuildConfiguration;
			buildSettings = {
				CODE_SIGN_STYLE = Automatic;
				CURRENT_PROJECT_VERSION = 1;
				DEVELOPMENT_TEAM = 9F23U63YQ2;
				GENERATE_INFOPLIST_FILE = YES;
				MARKETING_VERSION = 1.0;
				PRODUCT_BUNDLE_IDENTIFIER = "com.wilsonlee.Simple-Reminder-AdderUITests";
				PRODUCT_NAME = "$(TARGET_NAME)";
				STRING_CATALOG_GENERATE_SYMBOLS = NO;
				SWIFT_APPROACHABLE_CONCURRENCY = YES;
				SWIFT_EMIT_LOC_STRINGS = NO;
				SWIFT_UPCOMING_FEATURE_MEMBER_IMPORT_VISIBILITY = YES;
				SWIFT_VERSION = 5.0;
				TEST_TARGET_NAME = "Simple Reminder Adder";
			};
			name = Release;
		};
/* End XCBuildConfiguration section */

/* Begin XCConfigurationList section */
		2E53C4F92FB3989E008409D5 /* Build configuration list for PBXProject "Simple Reminder Adder" */ = {
			isa = XCConfigurationList;
			buildConfigurations = (
				2E53C51F2FB3989E008409D5 /* Debug */,
				2E53C5202FB3989E008409D5 /* Release */,
			);
			defaultConfigurationIsVisible = 0;
			defaultConfigurationName = Release;
		};
		2E53C5212FB3989E008409D5 /* Build configuration list for PBXNativeTarget "Simple Reminder Adder" */ = {
			isa = XCConfigurationList;
			buildConfigurations = (
				2E53C5222FB3989E008409D5 /* Debug */,
				2E53C5232FB3989E008409D5 /* Release */,
			);
			defaultConfigurationIsVisible = 0;
			defaultConfigurationName = Release;
		};
		2E53C5242FB3989E008409D5 /* Build configuration list for PBXNativeTarget "Simple Reminder AdderTests" */ = {
			isa = XCConfigurationList;
			buildConfigurations = (
				2E53C5252FB3989E008409D5 /* Debug */,
				2E53C5262FB3989E008409D5 /* Release */,
			);
			defaultConfigurationIsVisible = 0;
			defaultConfigurationName = Release;
		};
		2E53C5272FB3989E008409D5 /* Build configuration list for PBXNativeTarget "Simple Reminder AdderUITests" */ = {
			isa = XCConfigurationList;
			buildConfigurations = (
				2E53C5282FB3989E008409D5 /* Debug */,
				2E53C5292FB3989E008409D5 /* Release */,
			);
			defaultConfigurationIsVisible = 0;
			defaultConfigurationName = Release;
		};
/* End XCConfigurationList section */

/* Begin XCRemoteSwiftPackageReference section */
		2E53C5302FB39E44008409D5 /* XCRemoteSwiftPackageReference "KeyboardShortcuts" */ = {
			isa = XCRemoteSwiftPackageReference;
			repositoryURL = "https://github.com/sindresorhus/KeyboardShortcuts";
			requirement = {
				kind = upToNextMajorVersion;
				minimumVersion = 2.4.0;
			};
		};
/* End XCRemoteSwiftPackageReference section */

/* Begin XCSwiftPackageProductDependency section */
		2E53C5322FB39EE8008409D5 /* KeyboardShortcuts */ = {
			isa = XCSwiftPackageProductDependency;
			package = 2E53C5302FB39E44008409D5 /* XCRemoteSwiftPackageReference "KeyboardShortcuts" */;
			productName = KeyboardShortcuts;
		};
/* End XCSwiftPackageProductDependency section */
	};
	rootObject = 2E53C4F62FB3989E008409D5 /* Project object */;
}
